
Microsoft Visual Studio Solution File, Format Version 11.00
# Visual Studio 2010
Project("{FAE04EC0-301F-11D3-BF4B-00C04F79EFBC}") = "ScalaSharp.Core", "ScalaSharp.Core\ScalaSharp.Core.csproj", "{ADA77342-3FA9-406E-897B-3D075D2E9313}"
EndProject
Project("{FAE04EC0-301F-11D3-BF4B-00C04F79EFBC}") = "ScalaSharp.Core.Tests", "ScalaSharp.Core.Tests\ScalaSharp.Core.Tests.csproj", "{7E7D9302-D86B-41BF-B00F-0DC15E89412B}"
EndProject
Project("{2150E333-8FDC-42A3-9474-1A3956D46DE8}") = "Solution Items", "Solution Items", "{46AB9DE7-27EB-41F6-8011-5931AD32FCEA}"
	ProjectSection(SolutionItems) = preProject
		Local.testsettings = Local.testsettings
		ScalaSharp.vsmdi = ScalaSharp.vsmdi
		TraceAndTestImpact.testsettings = TraceAndTestImpact.testsettings
	EndProjectSection
EndProject
Global
	GlobalSection(TestCaseManagementSettings) = postSolution
		CategoryFile = ScalaSharp.vsmdi
	EndGlobalSection
	GlobalSection(SolutionConfigurationPlatforms) = preSolution
		Debug|Any CPU = Debug|Any CPU
		Release|Any CPU = Release|Any CPU
	EndGlobalSection
	GlobalSection(ProjectConfigurationPlatforms) = postSolution
		{ADA77342-3FA9-406E-897B-3D075D2E9313}.Debug|Any CPU.ActiveCfg = Debug|Any CPU
		{ADA77342-3FA9-406E-897B-3D075D2E9313}.Debug|Any CPU.Build.0 = Debug|Any CPU
		{ADA77342-3FA9-406E-897B-3D075D2E9313}.Release|Any CPU.ActiveCfg = Release|Any CPU
		{ADA77342-3FA9-406E-897B-3D075D2E9313}.Release|Any CPU.Build.0 = Release|Any CPU
		{7E7D9302-D86B-41BF-B00F-0DC15E89412B}.Debug|Any CPU.ActiveCfg = Debug|Any CPU
		{7E7D9302-D86B-41BF-B00F-0DC15E89412B}.Debug|Any CPU.Build.0 = Debug|Any CPU
		{7E7D9302-D86B-41BF-B00F-0DC15E89412B}.Release|Any CPU.ActiveCfg = Release|Any CPU
		{7E7D9302-D86B-41BF-B00F-0DC15E89412B}.Release|Any CPU.Build.0 = Release|Any CPU
	EndGlobalSection
	GlobalSection(SolutionProperties) = preSolution
		HideSolutionNode = FALSE
	EndGlobalSection
EndGlobal
